
Microsoft Visual Studio Solution File, Format Version 12.00
# Visual Studio 15
Project("{FAE04EC0-301F-11D3-BF4B-00C04F79EFBC}") = "Assembly-CSharp-firstpass", "Assembly-CSharp-firstpass.csproj", "{4393F275-AE74-F38A-481D-69C1B9D480BF}"
EndProject
Project("{FAE04EC0-301F-11D3-BF4B-00C04F79EFBC}") = "Assembly-CSharp", "Assembly-CSharp.csproj", "{D0E6B10C-67AC-05A8-008B-936805974C6A}"
EndProject
Project("{FAE04EC0-301F-11D3-BF4B-00C04F79EFBC}") = "Assembly-CSharp-Editor-firstpass", "Assembly-CSharp-Editor-firstpass.csproj", "{F6C9C22D-29AA-2FC2-4237-ADD4204260F0}"
EndProject
Global
	GlobalSection(SolutionConfigurationPlatforms) = preSolution
		Debug|Any CPU = Debug|Any CPU
		Release|Any CPU = Release|Any CPU
	EndGlobalSection
	GlobalSection(ProjectConfigurationPlatforms) = postSolution
		{4393F275-AE74-F38A-481D-69C1B9D480BF}.Debug|Any CPU.ActiveCfg = Debug|Any CPU
		{4393F275-AE74-F38A-481D-69C1B9D480BF}.Debug|Any CPU.Build.0 = Debug|Any CPU
		{4393F275-AE74-F38A-481D-69C1B9D480BF}.Release|Any CPU.ActiveCfg = Release|Any CPU
		{4393F275-AE74-F38A-481D-69C1B9D480BF}.Release|Any CPU.Build.0 = Release|Any CPU
		{D0E6B10C-67AC-05A8-008B-936805974C6A}.Debug|Any CPU.ActiveCfg = Debug|Any CPU
		{D0E6B10C-67AC-05A8-008B-936805974C6A}.Debug|Any CPU.Build.0 = Debug|Any CPU
		{D0E6B10C-67AC-05A8-008B-936805974C6A}.Release|Any CPU.ActiveCfg = Release|Any CPU
		{D0E6B10C-67AC-05A8-008B-936805974C6A}.Release|Any CPU.Build.0 = Release|Any CPU
		{F6C9C22D-29AA-2FC2-4237-ADD4204260F0}.Debug|Any CPU.ActiveCfg = Debug|Any CPU
		{F6C9C22D-29AA-2FC2-4237-ADD4204260F0}.Debug|Any CPU.Build.0 = Debug|Any CPU
		{F6C9C22D-29AA-2FC2-4237-ADD4204260F0}.Release|Any CPU.ActiveCfg = Release|Any CPU
		{F6C9C22D-29AA-2FC2-4237-ADD4204260F0}.Release|Any CPU.Build.0 = Release|Any CPU
	EndGlobalSection
	GlobalSection(SolutionProperties) = preSolution
		HideSolutionNode = FALSE
	EndGlobalSection
EndGlobal
